
Microsoft Visual Studio Solution File, Format Version 12.00
# Visual Studio Version 17
VisualStudioVersion = 17.3.32929.385
MinimumVisualStudioVersion = 10.0.40219.1
Project("{FAE04EC0-301F-11D3-BF4B-00C04F79EFBC}") = "ToursApp", "ToursApp.csproj", "{51109AB6-FF4A-4D8B-8941-84E86C3A7560}"
EndProject
Global
	GlobalSection(SolutionConfigurationPlatforms) = preSolution
		Debug|Any CPU = Debug|Any CPU
		Release|Any CPU = Release|Any CPU
	EndGlobalSection
	GlobalSection(ProjectConfigurationPlatforms) = postSolution
		{51109AB6-FF4A-4D8B-8941-84E86C3A7560}.Debug|Any CPU.ActiveCfg = Debug|Any CPU
		{51109AB6-FF4A-4D8B-8941-84E86C3A7560}.Debug|Any CPU.Build.0 = Debug|Any CPU
		{51109AB6-FF4A-4D8B-8941-84E86C3A7560}.Release|Any CPU.ActiveCfg = Release|Any CPU
		{51109AB6-FF4A-4D8B-8941-84E86C3A7560}.Release|Any CPU.Build.0 = Release|Any CPU
	EndGlobalSection
	GlobalSection(SolutionProperties) = preSolution
		HideSolutionNode = FALSE
	EndGlobalSection
	GlobalSection(ExtensibilityGlobals) = postSolution
		SolutionGuid = {FDEFC460-2103-4187-BCD3-7802402C4E11}
	EndGlobalSection
EndGlobal
